// !$*UTF8*$!
{
	archiveVersion = 1;
	classes = {
	};
	objectVersion = 56;
	objects = {

/* Begin PBXBuildFile section */
		8479FCA02C56A3AE00E36F3F /* AppDelegate.swift in Sources */ = {isa = PBXBuildFile; fileRef = 8479FC9F2C56A3AE00E36F3F /* AppDelegate.swift */; };
		8479FCA22C56A3AE00E36F3F /* SceneDelegate.swift in Sources */ = {isa = PBXBuildFile; fileRef = 8479FCA12C56A3AE00E36F3F /* SceneDelegate.swift */; };
		8479FCA42C56A3AE00E36F3F /* MoviesListViewController.swift in Sources */ = {isa = PBXBuildFile; fileRef = 8479FCA32C56A3AE00E36F3F /* MoviesListViewController.swift */; };
		8479FCA72C56A3AE00E36F3F /* Base in Resources */ = {isa = PBXBuildFile; fileRef = 8479FCA62C56A3AE00E36F3F /* Base */; };
		8479FCA92C56A3B000E36F3F /* Assets.xcassets in Resources */ = {isa = PBXBuildFile; fileRef = 8479FCA82C56A3B000E36F3F /* Assets.xcassets */; };
		8479FCAC2C56A3B000E36F3F /* Base in Resources */ = {isa = PBXBuildFile; fileRef = 8479FCAB2C56A3B000E36F3F /* Base */; };
		8479FCB42C56A7FD00E36F3F /* MovieModel.swift in Sources */ = {isa = PBXBuildFile; fileRef = 8479FCB32C56A7FD00E36F3F /* MovieModel.swift */; };
		8479FCB62C56A99300E36F3F /* MoviewCell.swift in Sources */ = {isa = PBXBuildFile; fileRef = 8479FCB52C56A99300E36F3F /* MoviewCell.swift */; };
		8479FCB82C56DA2600E36F3F /* MoviesListViewModel.swift in Sources */ = {isa = PBXBuildFile; fileRef = 8479FCB72C56DA2600E36F3F /* MoviesListViewModel.swift */; };
		8479FCBA2C56DBA400E36F3F /* Genre.swift in Sources */ = {isa = PBXBuildFile; fileRef = 8479FCB92C56DBA400E36F3F /* Genre.swift */; };
		8479FCBC2C56E0BC00E36F3F /* MoviesService.swift in Sources */ = {isa = PBXBuildFile; fileRef = 8479FCBB2C56E0BC00E36F3F /* MoviesService.swift */; };
		8479FCBF2C57DEE800E36F3F /* UIScrollView_InfiniteScroll in Frameworks */ = {isa = PBXBuildFile; productRef = 8479FCBE2C57DEE800E36F3F /* UIScrollView_InfiniteScroll */; };
		8479FCC62C580C2D00E36F3F /* Router.swift in Sources */ = {isa = PBXBuildFile; fileRef = 8479FCC52C580C2D00E36F3F /* Router.swift */; };
		8479FCC82C5921CB00E36F3F /* SortOption.swift in Sources */ = {isa = PBXBuildFile; fileRef = 8479FCC72C5921CB00E36F3F /* SortOption.swift */; };
/* End PBXBuildFile section */

/* Begin PBXFileReference section */
		8479FC9C2C56A3AE00E36F3F /* TheMovieDBTest.app */ = {isa = PBXFileReference; explicitFileType = wrapper.application; includeInIndex = 0; path = TheMovieDBTest.app; sourceTree = BUILT_PRODUCTS_DIR; };
		8479FC9F2C56A3AE00E36F3F /* AppDelegate.swift */ = {isa = PBXFileReference; lastKnownFileType = sourcecode.swift; path = AppDelegate.swift; sourceTree = "<group>"; };
		8479FCA12C56A3AE00E36F3F /* SceneDelegate.swift */ = {isa = PBXFileReference; lastKnownFileType = sourcecode.swift; path = SceneDelegate.swift; sourceTree = "<group>"; };
		8479FCA32C56A3AE00E36F3F /* MoviesListViewController.swift */ = {isa = PBXFileReference; lastKnownFileType = sourcecode.swift; path = MoviesListViewController.swift; sourceTree = "<group>"; };
		8479FCA62C56A3AE00E36F3F /* Base */ = {isa = PBXFileReference; lastKnownFileType = file.storyboard; name = Base; path = Base.lproj/Main.storyboard; sourceTree = "<group>"; };
		8479FCA82C56A3B000E36F3F /* Assets.xcassets */ = {isa = PBXFileReference; lastKnownFileType = folder.assetcatalog; path = Assets.xcassets; sourceTree = "<group>"; };
		8479FCAB2C56A3B000E36F3F /* Base */ = {isa = PBXFileReference; lastKnownFileType = file.storyboard; name = Base; path = Base.lproj/LaunchScreen.storyboard; sourceTree = "<group>"; };
		8479FCAD2C56A3B000E36F3F /* Info.plist */ = {isa = PBXFileReference; lastKnownFileType = text.plist.xml; path = Info.plist; sourceTree = "<group>"; };
		8479FCB32C56A7FD00E36F3F /* MovieModel.swift */ = {isa = PBXFileReference; lastKnownFileType = sourcecode.swift; path = MovieModel.swift; sourceTree = "<group>"; };
		8479FCB52C56A99300E36F3F /* MoviewCell.swift */ = {isa = PBXFileReference; lastKnownFileType = sourcecode.swift; path = MoviewCell.swift; sourceTree = "<group>"; };
		8479FCB72C56DA2600E36F3F /* MoviesListViewModel.swift */ = {isa = PBXFileReference; lastKnownFileType = sourcecode.swift; path = MoviesListViewModel.swift; sourceTree = "<group>"; };
		8479FCB92C56DBA400E36F3F /* Genre.swift */ = {isa = PBXFileReference; lastKnownFileType = sourcecode.swift; path = Genre.swift; sourceTree = "<group>"; };
		8479FCBB2C56E0BC00E36F3F /* MoviesService.swift */ = {isa = PBXFileReference; lastKnownFileType = sourcecode.swift; path = MoviesService.swift; sourceTree = "<group>"; };
		8479FCC52C580C2D00E36F3F /* Router.swift */ = {isa = PBXFileReference; lastKnownFileType = sourcecode.swift; path = Router.swift; sourceTree = "<group>"; };
		8479FCC72C5921CB00E36F3F /* SortOption.swift */ = {isa = PBXFileReference; lastKnownFileType = sourcecode.swift; path = SortOption.swift; sourceTree = "<group>"; };
/* End PBXFileReference section */

/* Begin PBXFrameworksBuildPhase section */
		8479FC992C56A3AE00E36F3F /* Frameworks */ = {
			isa = PBXFrameworksBuildPhase;
			buildActionMask = 2147483647;
			files = (
				8479FCBF2C57DEE800E36F3F /* UIScrollView_InfiniteScroll in Frameworks */,
			);
			runOnlyForDeploymentPostprocessing = 0;
		};
/* End PBXFrameworksBuildPhase section */

/* Begin PBXGroup section */
		8479FC932C56A3AE00E36F3F = {
			isa = PBXGroup;
			children = (
				8479FC9E2C56A3AE00E36F3F /* TheMovieDBTest */,
				8479FC9D2C56A3AE00E36F3F /* Products */,
			);
			sourceTree = "<group>";
		};
		8479FC9D2C56A3AE00E36F3F /* Products */ = {
			isa = PBXGroup;
			children = (
				8479FC9C2C56A3AE00E36F3F /* TheMovieDBTest.app */,
			);
			name = Products;
			sourceTree = "<group>";
		};
		8479FC9E2C56A3AE00E36F3F /* TheMovieDBTest */ = {
			isa = PBXGroup;
			children = (
				8479FCC42C580C1500E36F3F /* Router */,
				8479FCC22C57E06E00E36F3F /* App */,
				8479FCA82C56A3B000E36F3F /* Assets.xcassets */,
				8479FCAD2C56A3B000E36F3F /* Info.plist */,
				8479FCAA2C56A3B000E36F3F /* LaunchScreen.storyboard */,
				8479FCA52C56A3AE00E36F3F /* Main.storyboard */,
				8479FCC32C57E07E00E36F3F /* Models */,
				8479FCC02C57E01800E36F3F /* PopularMoviesList */,
				8479FCC12C57E04E00E36F3F /* Services */,
			);
			path = TheMovieDBTest;
			sourceTree = "<group>";
		};
		8479FCC02C57E01800E36F3F /* PopularMoviesList */ = {
			isa = PBXGroup;
			children = (
				8479FCA32C56A3AE00E36F3F /* MoviesListViewController.swift */,
				8479FCB72C56DA2600E36F3F /* MoviesListViewModel.swift */,
				8479FCB52C56A99300E36F3F /* MoviewCell.swift */,
			);
			path = PopularMoviesList;
			sourceTree = "<group>";
		};
		8479FCC12C57E04E00E36F3F /* Services */ = {
			isa = PBXGroup;
			children = (
				8479FCBB2C56E0BC00E36F3F /* MoviesService.swift */,
			);
			path = Services;
			sourceTree = "<group>";
		};
		8479FCC22C57E06E00E36F3F /* App */ = {
			isa = PBXGroup;
			children = (
				8479FC9F2C56A3AE00E36F3F /* AppDelegate.swift */,
				8479FCA12C56A3AE00E36F3F /* SceneDelegate.swift */,
			);
			path = App;
			sourceTree = "<group>";
		};
		8479FCC32C57E07E00E36F3F /* Models */ = {
			isa = PBXGroup;
			children = (
				8479FCB92C56DBA400E36F3F /* Genre.swift */,
				8479FCB32C56A7FD00E36F3F /* MovieModel.swift */,
				8479FCC72C5921CB00E36F3F /* SortOption.swift */,
			);
			path = Models;
			sourceTree = "<group>";
		};
		8479FCC42C580C1500E36F3F /* Router */ = {
			isa = PBXGroup;
			children = (
				8479FCC52C580C2D00E36F3F /* Router.swift */,
			);
			path = Router;
			sourceTree = "<group>";
		};
/* End PBXGroup section */

/* Begin PBXNativeTarget section */
		8479FC9B2C56A3AE00E36F3F /* TheMovieDBTest */ = {
			isa = PBXNativeTarget;
			buildConfigurationList = 8479FCB02C56A3B000E36F3F /* Build configuration list for PBXNativeTarget "TheMovieDBTest" */;
			buildPhases = (
				8479FC982C56A3AE00E36F3F /* Sources */,
				8479FC992C56A3AE00E36F3F /* Frameworks */,
				8479FC9A2C56A3AE00E36F3F /* Resources */,
			);
			buildRules = (
			);
			dependencies = (
			);
			name = TheMovieDBTest;
			packageProductDependencies = (
				8479FCBE2C57DEE800E36F3F /* UIScrollView_InfiniteScroll */,
			);
			productName = TheMovieDBTest;
			productReference = 8479FC9C2C56A3AE00E36F3F /* TheMovieDBTest.app */;
			productType = "com.apple.product-type.application";
		};
/* End PBXNativeTarget section */

/* Begin PBXProject section */
		8479FC942C56A3AE00E36F3F /* Project object */ = {
			isa = PBXProject;
			attributes = {
				BuildIndependentTargetsInParallel = 1;
				LastSwiftUpdateCheck = 1540;
				LastUpgradeCheck = 1540;
				TargetAttributes = {
					8479FC9B2C56A3AE00E36F3F = {
						CreatedOnToolsVersion = 15.4;
					};
				};
			};
			buildConfigurationList = 8479FC972C56A3AE00E36F3F /* Build configuration list for PBXProject "TheMovieDBTest" */;
			compatibilityVersion = "Xcode 14.0";
			developmentRegion = en;
			hasScannedForEncodings = 0;
			knownRegions = (
				en,
				Base,
			);
			mainGroup = 8479FC932C56A3AE00E36F3F;
			packageReferences = (
				8479FCBD2C57DEE800E36F3F /* XCRemoteSwiftPackageReference "UIScrollView-InfiniteScroll" */,
			);
			productRefGroup = 8479FC9D2C56A3AE00E36F3F /* Products */;
			projectDirPath = "";
			projectRoot = "";
			targets = (
				8479FC9B2C56A3AE00E36F3F /* TheMovieDBTest */,
			);
		};
/* End PBXProject section */

/* Begin PBXResourcesBuildPhase section */
		8479FC9A2C56A3AE00E36F3F /* Resources */ = {
			isa = PBXResourcesBuildPhase;
			buildActionMask = 2147483647;
			files = (
				8479FCA92C56A3B000E36F3F /* Assets.xcassets in Resources */,
				8479FCAC2C56A3B000E36F3F /* Base in Resources */,
				8479FCA72C56A3AE00E36F3F /* Base in Resources */,
			);
			runOnlyForDeploymentPostprocessing = 0;
		};
/* End PBXResourcesBuildPhase section */

/* Begin PBXSourcesBuildPhase section */
		8479FC982C56A3AE00E36F3F /* Sources */ = {
			isa = PBXSourcesBuildPhase;
			buildActionMask = 2147483647;
			files = (
				8479FCB42C56A7FD00E36F3F /* MovieModel.swift in Sources */,
				8479FCA42C56A3AE00E36F3F /* MoviesListViewController.swift in Sources */,
				8479FCC82C5921CB00E36F3F /* SortOption.swift in Sources */,
				8479FCBC2C56E0BC00E36F3F /* MoviesService.swift in Sources */,
				8479FCA02C56A3AE00E36F3F /* AppDelegate.swift in Sources */,
				8479FCC62C580C2D00E36F3F /* Router.swift in Sources */,
				8479FCB82C56DA2600E36F3F /* MoviesListViewModel.swift in Sources */,
				8479FCB62C56A99300E36F3F /* MoviewCell.swift in Sources */,
				8479FCA22C56A3AE00E36F3F /* SceneDelegate.swift in Sources */,
				8479FCBA2C56DBA400E36F3F /* Genre.swift in Sources */,
			);
			runOnlyForDeploymentPostprocessing = 0;
		};
/* End PBXSourcesBuildPhase section */

/* Begin PBXVariantGroup section */
		8479FCA52C56A3AE00E36F3F /* Main.storyboard */ = {
			isa = PBXVariantGroup;
			children = (
				8479FCA62C56A3AE00E36F3F /* Base */,
			);
			name = Main.storyboard;
			sourceTree = "<group>";
		};
		8479FCAA2C56A3B000E36F3F /* LaunchScreen.storyboard */ = {
			isa = PBXVariantGroup;
			children = (
				8479FCAB2C56A3B000E36F3F /* Base */,
			);
			name = LaunchScreen.storyboard;
			sourceTree = "<group>";
		};
/* End PBXVariantGroup section */

/* Begin XCBuildConfiguration section */
		8479FCAE2C56A3B000E36F3F /* Debug */ = {
			isa = XCBuildConfiguration;
			buildSettings = {
				ALWAYS_SEARCH_USER_PATHS = NO;
				ASSETCATALOG_COMPILER_GENERATE_SWIFT_ASSET_SYMBOL_EXTENSIONS = YES;
				CLANG_ANALYZER_NONNULL = YES;
				CLANG_ANALYZER_NUMBER_OBJECT_CONVERSION = YES_AGGRESSIVE;
				CLANG_CXX_LANGUAGE_STANDARD = "gnu++20";
				CLANG_ENABLE_MODULES = YES;
				CLANG_ENABLE_OBJC_ARC = YES;
				CLANG_ENABLE_OBJC_WEAK = YES;
				CLANG_WARN_BLOCK_CAPTURE_AUTORELEASING = YES;
				CLANG_WARN_BOOL_CONVERSION = YES;
				CLANG_WARN_COMMA = YES;
				CLANG_WARN_CONSTANT_CONVERSION = YES;
				CLANG_WARN_DEPRECATED_OBJC_IMPLEMENTATIONS = YES;
				CLANG_WARN_DIRECT_OBJC_ISA_USAGE = YES_ERROR;
				CLANG_WARN_DOCUMENTATION_COMMENTS = YES;
				CLANG_WARN_EMPTY_BODY = YES;
				CLANG_WARN_ENUM_CONVERSION = YES;
				CLANG_WARN_INFINITE_RECURSION = YES;
				CLANG_WARN_INT_CONVERSION = YES;
				CLANG_WARN_NON_LITERAL_NULL_CONVERSION = YES;
				CLANG_WARN_OBJC_IMPLICIT_RETAIN_SELF = YES;
				CLANG_WARN_OBJC_LITERAL_CONVERSION = YES;
				CLANG_WARN_OBJC_ROOT_CLASS = YES_ERROR;
				CLANG_WARN_QUOTED_INCLUDE_IN_FRAMEWORK_HEADER = YES;
				CLANG_WARN_RANGE_LOOP_ANALYSIS = YES;
				CLANG_WARN_STRICT_PROTOTYPES = YES;
				CLANG_WARN_SUSPICIOUS_MOVE = YES;
				CLANG_WARN_UNGUARDED_AVAILABILITY = YES_AGGRESSIVE;
				CLANG_WARN_UNREACHABLE_CODE = YES;
				CLANG_WARN__DUPLICATE_METHOD_MATCH = YES;
				COPY_PHASE_STRIP = NO;
				DEBUG_INFORMATION_FORMAT = dwarf;
				ENABLE_STRICT_OBJC_MSGSEND = YES;
				ENABLE_TESTABILITY = YES;
				ENABLE_USER_SCRIPT_SANDBOXING = YES;
				GCC_C_LANGUAGE_STANDARD = gnu17;
				GCC_DYNAMIC_NO_PIC = NO;
				GCC_NO_COMMON_BLOCKS = YES;
				GCC_OPTIMIZATION_LEVEL = 0;
				GCC_PREPROCESSOR_DEFINITIONS = (
					"DEBUG=1",
					"$(inherited)",
				);
				GCC_WARN_64_TO_32_BIT_CONVERSION = YES;
				GCC_WARN_ABOUT_RETURN_TYPE = YES_ERROR;
				GCC_WARN_UNDECLARED_SELECTOR = YES;
				GCC_WARN_UNINITIALIZED_AUTOS = YES_AGGRESSIVE;
				GCC_WARN_UNUSED_FUNCTION = YES;
				GCC_WARN_UNUSED_VARIABLE = YES;
				IPHONEOS_DEPLOYMENT_TARGET = 17.5;
				LOCALIZATION_PREFERS_STRING_CATALOGS = YES;
				MTL_ENABLE_DEBUG_INFO = INCLUDE_SOURCE;
				MTL_FAST_MATH = YES;
				ONLY_ACTIVE_ARCH = YES;
				SDKROOT = iphoneos;
				SWIFT_ACTIVE_COMPILATION_CONDITIONS = "DEBUG $(inherited)";
				SWIFT_OPTIMIZATION_LEVEL = "-Onone";
			};
			name = Debug;
		};
		8479FCAF2C56A3B000E36F3F /* Release */ = {
			isa = XCBuildConfiguration;
			buildSettings = {
				ALWAYS_SEARCH_USER_PATHS = NO;
				ASSETCATALOG_COMPILER_GENERATE_SWIFT_ASSET_SYMBOL_EXTENSIONS = YES;
				CLANG_ANALYZER_NONNULL = YES;
				CLANG_ANALYZER_NUMBER_OBJECT_CONVERSION = YES_AGGRESSIVE;
				CLANG_CXX_LANGUAGE_STANDARD = "gnu++20";
				CLANG_ENABLE_MODULES = YES;
				CLANG_ENABLE_OBJC_ARC = YES;
				CLANG_ENABLE_OBJC_WEAK = YES;
				CLANG_WARN_BLOCK_CAPTURE_AUTORELEASING = YES;
				CLANG_WARN_BOOL_CONVERSION = YES;
				CLANG_WARN_COMMA = YES;
				CLANG_WARN_CONSTANT_CONVERSION = YES;
				CLANG_WARN_DEPRECATED_OBJC_IMPLEMENTATIONS = YES;
				CLANG_WARN_DIRECT_OBJC_ISA_USAGE = YES_ERROR;
				CLANG_WARN_DOCUMENTATION_COMMENTS = YES;
				CLANG_WARN_EMPTY_BODY = YES;
				CLANG_WARN_ENUM_CONVERSION = YES;
				CLANG_WARN_INFINITE_RECURSION = YES;
				CLANG_WARN_INT_CONVERSION = YES;
				CLANG_WARN_NON_LITERAL_NULL_CONVERSION = YES;
				CLANG_WARN_OBJC_IMPLICIT_RETAIN_SELF = YES;
				CLANG_WARN_OBJC_LITERAL_CONVERSION = YES;
				CLANG_WARN_OBJC_ROOT_CLASS = YES_ERROR;
				CLANG_WARN_QUOTED_INCLUDE_IN_FRAMEWORK_HEADER = YES;
				CLANG_WARN_RANGE_LOOP_ANALYSIS = YES;
				CLANG_WARN_STRICT_PROTOTYPES = YES;
				CLANG_WARN_SUSPICIOUS_MOVE = YES;
				CLANG_WARN_UNGUARDED_AVAILABILITY = YES_AGGRESSIVE;
				CLANG_WARN_UNREACHABLE_CODE = YES;
				CLANG_WARN__DUPLICATE_METHOD_MATCH = YES;
				COPY_PHASE_STRIP = NO;
				DEBUG_INFORMATION_FORMAT = "dwarf-with-dsym";
				ENABLE_NS_ASSERTIONS = NO;
				ENABLE_STRICT_OBJC_MSGSEND = YES;
				ENABLE_USER_SCRIPT_SANDBOXING = YES;
				GCC_C_LANGUAGE_STANDARD = gnu17;
				GCC_NO_COMMON_BLOCKS = YES;
				GCC_WARN_64_TO_32_BIT_CONVERSION = YES;
				GCC_WARN_ABOUT_RETURN_TYPE = YES_ERROR;
				GCC_WARN_UNDECLARED_SELECTOR = YES;
				GCC_WARN_UNINITIALIZED_AUTOS = YES_AGGRESSIVE;
				GCC_WARN_UNUSED_FUNCTION = YES;
				GCC_WARN_UNUSED_VARIABLE = YES;
				IPHONEOS_DEPLOYMENT_TARGET = 17.5;
				LOCALIZATION_PREFERS_STRING_CATALOGS = YES;
				MTL_ENABLE_DEBUG_INFO = NO;
				MTL_FAST_MATH = YES;
				SDKROOT = iphoneos;
				SWIFT_COMPILATION_MODE = wholemodule;
				VALIDATE_PRODUCT = YES;
			};
			name = Release;
		};
		8479FCB12C56A3B000E36F3F /* Debug */ = {
			isa = XCBuildConfiguration;
			buildSettings = {
				ASSETCATALOG_COMPILER_APPICON_NAME = AppIcon;
				ASSETCATALOG_COMPILER_GLOBAL_ACCENT_COLOR_NAME = AccentColor;
				CODE_SIGN_STYLE = Automatic;
				CURRENT_PROJECT_VERSION = 1;
				DEVELOPMENT_TEAM = 9WPKFQ65J6;
				GENERATE_INFOPLIST_FILE = YES;
				INFOPLIST_FILE = TheMovieDBTest/Info.plist;
				INFOPLIST_KEY_UIApplicationSupportsIndirectInputEvents = YES;
				INFOPLIST_KEY_UILaunchStoryboardName = LaunchScreen;
				INFOPLIST_KEY_UIMainStoryboardFile = Main;
				INFOPLIST_KEY_UISupportedInterfaceOrientations = UIInterfaceOrientationPortrait;
				INFOPLIST_KEY_UISupportedInterfaceOrientations_iPad = "UIInterfaceOrientationLandscapeLeft UIInterfaceOrientationLandscapeRight UIInterfaceOrientationPortrait UIInterfaceOrientationPortraitUpsideDown";
				IPHONEOS_DEPLOYMENT_TARGET = 15.0;
				LD_RUNPATH_SEARCH_PATHS = (
					"$(inherited)",
					"@executable_path/Frameworks",
				);
				MARKETING_VERSION = 1.0;
				PRODUCT_BUNDLE_IDENTIFIER = bogdan.pankevych.theMovieDBTest.TheMovieDBTest;
				PRODUCT_NAME = "$(TARGET_NAME)";
				SUPPORTED_PLATFORMS = "iphoneos iphonesimulator";
				SUPPORTS_MACCATALYST = NO;
				SUPPORTS_MAC_DESIGNED_FOR_IPHONE_IPAD = NO;
				SUPPORTS_XR_DESIGNED_FOR_IPHONE_IPAD = NO;
				SWIFT_EMIT_LOC_STRINGS = YES;
				SWIFT_VERSION = 5.0;
				TARGETED_DEVICE_FAMILY = 1;
			};
			name = Debug;
		};
		8479FCB22C56A3B000E36F3F /* Release */ = {
			isa = XCBuildConfiguration;
			buildSettings = {
				ASSETCATALOG_COMPILER_APPICON_NAME = AppIcon;
				ASSETCATALOG_COMPILER_GLOBAL_ACCENT_COLOR_NAME = AccentColor;
				CODE_SIGN_STYLE = Automatic;
				CURRENT_PROJECT_VERSION = 1;
				DEVELOPMENT_TEAM = 9WPKFQ65J6;
				GENERATE_INFOPLIST_FILE = YES;
				INFOPLIST_FILE = TheMovieDBTest/Info.plist;
				INFOPLIST_KEY_UIApplicationSupportsIndirectInputEvents = YES;
				INFOPLIST_KEY_UILaunchStoryboardName = LaunchScreen;
				INFOPLIST_KEY_UIMainStoryboardFile = Main;
				INFOPLIST_KEY_UISupportedInterfaceOrientations = UIInterfaceOrientationPortrait;
				INFOPLIST_KEY_UISupportedInterfaceOrientations_iPad = "UIInterfaceOrientationLandscapeLeft UIInterfaceOrientationLandscapeRight UIInterfaceOrientationPortrait UIInterfaceOrientationPortraitUpsideDown";
				IPHONEOS_DEPLOYMENT_TARGET = 15.0;
				LD_RUNPATH_SEARCH_PATHS = (
					"$(inherited)",
					"@executable_path/Frameworks",
				);
				MARKETING_VERSION = 1.0;
				PRODUCT_BUNDLE_IDENTIFIER = bogdan.pankevych.theMovieDBTest.TheMovieDBTest;
				PRODUCT_NAME = "$(TARGET_NAME)";
				SUPPORTED_PLATFORMS = "iphoneos iphonesimulator";
				SUPPORTS_MACCATALYST = NO;
				SUPPORTS_MAC_DESIGNED_FOR_IPHONE_IPAD = NO;
				SUPPORTS_XR_DESIGNED_FOR_IPHONE_IPAD = NO;
				SWIFT_EMIT_LOC_STRINGS = YES;
				SWIFT_VERSION = 5.0;
				TARGETED_DEVICE_FAMILY = 1;
			};
			name = Release;
		};
/* End XCBuildConfiguration section */

/* Begin XCConfigurationList section */
		8479FC972C56A3AE00E36F3F /* Build configuration list for PBXProject "TheMovieDBTest" */ = {
			isa = XCConfigurationList;
			buildConfigurations = (
				8479FCAE2C56A3B000E36F3F /* Debug */,
				8479FCAF2C56A3B000E36F3F /* Release */,
			);
			defaultConfigurationIsVisible = 0;
			defaultConfigurationName = Release;
		};
		8479FCB02C56A3B000E36F3F /* Build configuration list for PBXNativeTarget "TheMovieDBTest" */ = {
			isa = XCConfigurationList;
			buildConfigurations = (
				8479FCB12C56A3B000E36F3F /* Debug */,
				8479FCB22C56A3B000E36F3F /* Release */,
			);
			defaultConfigurationIsVisible = 0;
			defaultConfigurationName = Release;
		};
/* End XCConfigurationList section */

/* Begin XCRemoteSwiftPackageReference section */
		8479FCBD2C57DEE800E36F3F /* XCRemoteSwiftPackageReference "UIScrollView-InfiniteScroll" */ = {
			isa = XCRemoteSwiftPackageReference;
			repositoryURL = "https://github.com/pronebird/UIScrollView-InfiniteScroll";
			requirement = {
				kind = upToNextMajorVersion;
				minimumVersion = 1.3.0;
			};
		};
/* End XCRemoteSwiftPackageReference section */

/* Begin XCSwiftPackageProductDependency section */
		8479FCBE2C57DEE800E36F3F /* UIScrollView_InfiniteScroll */ = {
			isa = XCSwiftPackageProductDependency;
			package = 8479FCBD2C57DEE800E36F3F /* XCRemoteSwiftPackageReference "UIScrollView-InfiniteScroll" */;
			productName = UIScrollView_InfiniteScroll;
		};
/* End XCSwiftPackageProductDependency section */
	};
	rootObject = 8479FC942C56A3AE00E36F3F /* Project object */;
}
